
Microsoft Visual Studio Solution File, Format Version 12.00
# Visual Studio Version 17
VisualStudioVersion = 17.6.33829.357
MinimumVisualStudioVersion = 10.0.40219.1
Project("{FAE04EC0-301F-11D3-BF4B-00C04F79EFBC}") = "InMemorySample", "src\InMemorySample\InMemorySample.csproj", "{17FC75A9-69DB-495C-A239-D5D8A3961F77}"
EndProject
Project("{FAE04EC0-301F-11D3-BF4B-00C04F79EFBC}") = "AdminUISample", "src\AdminUISample\AdminUISample.csproj", "{7807C427-6F82-4CBC-96EB-64F7E05EBA39}"
EndProject
Global
	GlobalSection(SolutionConfigurationPlatforms) = preSolution
		Debug|Any CPU = Debug|Any CPU
		Release|Any CPU = Release|Any CPU
	EndGlobalSection
	GlobalSection(ProjectConfigurationPlatforms) = postSolution
		{17FC75A9-69DB-495C-A239-D5D8A3961F77}.Debug|Any CPU.ActiveCfg = Debug|Any CPU
		{17FC75A9-69DB-495C-A239-D5D8A3961F77}.Debug|Any CPU.Build.0 = Debug|Any CPU
		{17FC75A9-69DB-495C-A239-D5D8A3961F77}.Release|Any CPU.ActiveCfg = Release|Any CPU
		{17FC75A9-69DB-495C-A239-D5D8A3961F77}.Release|Any CPU.Build.0 = Release|Any CPU
		{7807C427-6F82-4CBC-96EB-64F7E05EBA39}.Debug|Any CPU.ActiveCfg = Debug|Any CPU
		{7807C427-6F82-4CBC-96EB-64F7E05EBA39}.Debug|Any CPU.Build.0 = Debug|Any CPU
		{7807C427-6F82-4CBC-96EB-64F7E05EBA39}.Release|Any CPU.ActiveCfg = Release|Any CPU
		{7807C427-6F82-4CBC-96EB-64F7E05EBA39}.Release|Any CPU.Build.0 = Release|Any CPU
	EndGlobalSection
	GlobalSection(SolutionProperties) = preSolution
		HideSolutionNode = FALSE
	EndGlobalSection
	GlobalSection(ExtensibilityGlobals) = postSolution
		SolutionGuid = {DABEA087-E2AF-4139-AF0D-B6DDFBC4FDCD}
	EndGlobalSection
EndGlobal
